
Microsoft Visual Studio Solution File, Format Version 12.00
# Visual Studio Version 17
VisualStudioVersion = 17.5.002.0
MinimumVisualStudioVersion = 10.0.40219.1
Project("{2150E333-8FDC-42A3-9474-1A3956D46DE8}") = "csharp-prep", "csharp-prep", "{5E304A7C-4FA9-42DD-969B-E235BA1C4FC6}"
EndProject
Project("{9A19103F-16F7-4668-BE54-9A1E7A4F7556}") = "Prep1", "csharp-prep\Prep1\Prep1.csproj", "{BD705C17-2E14-49FA-8EAC-472A569A583A}"
EndProject
Project("{9A19103F-16F7-4668-BE54-9A1E7A4F7556}") = "Prep2", "csharp-prep\Prep2\Prep2.csproj", "{0A766907-8ED0-4C15-AB6C-572C7A5ED4B4}"
EndProject
Project("{9A19103F-16F7-4668-BE54-9A1E7A4F7556}") = "Prep3", "csharp-prep\Prep3\Prep3.csproj", "{FA943ADD-A4C3-46BA-BE1D-D99EA481F443}"
EndProject
Project("{9A19103F-16F7-4668-BE54-9A1E7A4F7556}") = "Prep4", "csharp-prep\Prep4\Prep4.csproj", "{3C7C0B1E-7EF4-46A3-B314-5C99BE4BB044}"
EndProject
Project("{9A19103F-16F7-4668-BE54-9A1E7A4F7556}") = "Prep5", "csharp-prep\Prep5\Prep5.csproj", "{F471082C-6777-4492-A072-BC45264A551F}"
EndProject
Project("{2150E333-8FDC-42A3-9474-1A3956D46DE8}") = "final", "final", "{7045BB29-1310-407B-A3E4-26C246D48BF2}"
EndProject
Project("{9A19103F-16F7-4668-BE54-9A1E7A4F7556}") = "FinalProject", "final\FinalProject\FinalProject.csproj", "{1A8D9758-DDE5-420F-8306-AF3447C0AA1F}"
EndProject
Project("{9A19103F-16F7-4668-BE54-9A1E7A4F7556}") = "Foundation1", "final\Foundation1\Foundation1.csproj", "{071DD8D6-EEAA-40C3-B1C6-196B313EFD7A}"
EndProject
Project("{9A19103F-16F7-4668-BE54-9A1E7A4F7556}") = "Foundation2", "final\Foundation2\Foundation2.csproj", "{D2AEDE8F-2A9C-4054-82B5-970F75664EFC}"
EndProject
Project("{9A19103F-16F7-4668-BE54-9A1E7A4F7556}") = "Foundation3", "final\Foundation3\Foundation3.csproj", "{01442B91-F9E7-47F3-9288-FD7E2B39B375}"
EndProject
Project("{9A19103F-16F7-4668-BE54-9A1E7A4F7556}") = "Foundation4", "final\Foundation4\Foundation4.csproj", "{ABF7FF39-BF67-4A44-AF1D-C98674973A56}"
EndProject
Project("{2150E333-8FDC-42A3-9474-1A3956D46DE8}") = "prepare", "prepare", "{4137D8E2-FA02-45BC-95DF-007248062DF8}"
EndProject
Project("{9A19103F-16F7-4668-BE54-9A1E7A4F7556}") = "Learning02", "prepare\Learning02\Learning02.csproj", "{8215BEAA-61BF-4854-8497-10C6368CF3BD}"
EndProject
Project("{9A19103F-16F7-4668-BE54-9A1E7A4F7556}") = "Learning03", "prepare\Learning03\Learning03.csproj", "{FD04752A-D1C0-41D8-9722-6967D067D09F}"
EndProject
Project("{9A19103F-16F7-4668-BE54-9A1E7A4F7556}") = "Learning04", "prepare\Learning04\Learning04.csproj", "{D6DCC199-0E69-4B17-B32A-AF6439EBE5AE}"
EndProject
Project("{9A19103F-16F7-4668-BE54-9A1E7A4F7556}") = "Learning05", "prepare\Learning05\Learning05.csproj", "{58E3AE17-EFF6-4D7E-A975-D9588257434A}"
EndProject
Project("{2150E333-8FDC-42A3-9474-1A3956D46DE8}") = "prove", "prove", "{2932A804-133D-4B0E-A8CC-798DFEE7A0BA}"
EndProject
Project("{9A19103F-16F7-4668-BE54-9A1E7A4F7556}") = "Develop02", "prove\Develop02\Develop02.csproj", "{5ACD25FA-8E87-459A-B26A-86325E8C41B9}"
EndProject
Project("{9A19103F-16F7-4668-BE54-9A1E7A4F7556}") = "Develop03", "prove\Develop03\Develop03.csproj", "{642CB187-8177-493F-811B-9E3489AB19A1}"
EndProject
Project("{9A19103F-16F7-4668-BE54-9A1E7A4F7556}") = "Develop04", "prove\Develop04\Develop04.csproj", "{E68AA93C-1CC8-4608-9BDA-8D38AE46D559}"
EndProject
Project("{9A19103F-16F7-4668-BE54-9A1E7A4F7556}") = "Develop05", "prove\Develop05\Develop05.csproj", "{08656E2A-C2AA-4E6C-9D49-3349154795C5}"
EndProject
Project("{2150E333-8FDC-42A3-9474-1A3956D46DE8}") = "sandbox", "sandbox", "{F62B3F53-499C-48EE-8CA6-A77FF2461BC1}"
EndProject
Project("{9A19103F-16F7-4668-BE54-9A1E7A4F7556}") = "Sandbox", "sandbox\Sandbox\Sandbox.csproj", "{A31BCD20-44A9-4391-ABE4-FC4559271B0C}"
EndProject
Global
	GlobalSection(SolutionConfigurationPlatforms) = preSolution
		Debug|Any CPU = Debug|Any CPU
		Release|Any CPU = Release|Any CPU
	EndGlobalSection
	GlobalSection(ProjectConfigurationPlatforms) = postSolution
		{BD705C17-2E14-49FA-8EAC-472A569A583A}.Debug|Any CPU.ActiveCfg = Debug|Any CPU
		{BD705C17-2E14-49FA-8EAC-472A569A583A}.Debug|Any CPU.Build.0 = Debug|Any CPU
		{BD705C17-2E14-49FA-8EAC-472A569A583A}.Release|Any CPU.ActiveCfg = Release|Any CPU
		{BD705C17-2E14-49FA-8EAC-472A569A583A}.Release|Any CPU.Build.0 = Release|Any CPU
		{0A766907-8ED0-4C15-AB6C-572C7A5ED4B4}.Debug|Any CPU.ActiveCfg = Debug|Any CPU
		{0A766907-8ED0-4C15-AB6C-572C7A5ED4B4}.Debug|Any CPU.Build.0 = Debug|Any CPU
		{0A766907-8ED0-4C15-AB6C-572C7A5ED4B4}.Release|Any CPU.ActiveCfg = Release|Any CPU
		{0A766907-8ED0-4C15-AB6C-572C7A5ED4B4}.Release|Any CPU.Build.0 = Release|Any CPU
		{FA943ADD-A4C3-46BA-BE1D-D99EA481F443}.Debug|Any CPU.ActiveCfg = Debug|Any CPU
		{FA943ADD-A4C3-46BA-BE1D-D99EA481F443}.Debug|Any CPU.Build.0 = Debug|Any CPU
		{FA943ADD-A4C3-46BA-BE1D-D99EA481F443}.Release|Any CPU.ActiveCfg = Release|Any CPU
		{FA943ADD-A4C3-46BA-BE1D-D99EA481F443}.Release|Any CPU.Build.0 = Release|Any CPU
		{3C7C0B1E-7EF4-46A3-B314-5C99BE4BB044}.Debug|Any CPU.ActiveCfg = Debug|Any CPU
		{3C7C0B1E-7EF4-46A3-B314-5C99BE4BB044}.Debug|Any CPU.Build.0 = Debug|Any CPU
		{3C7C0B1E-7EF4-46A3-B314-5C99BE4BB044}.Release|Any CPU.ActiveCfg = Release|Any CPU
		{3C7C0B1E-7EF4-46A3-B314-5C99BE4BB044}.Release|Any CPU.Build.0 = Release|Any CPU
		{F471082C-6777-4492-A072-BC45264A551F}.Debug|Any CPU.ActiveCfg = Debug|Any CPU
		{F471082C-6777-4492-A072-BC45264A551F}.Debug|Any CPU.Build.0 = Debug|Any CPU
		{F471082C-6777-4492-A072-BC45264A551F}.Release|Any CPU.ActiveCfg = Release|Any CPU
		{F471082C-6777-4492-A072-BC45264A551F}.Release|Any CPU.Build.0 = Release|Any CPU
		{1A8D9758-DDE5-420F-8306-AF3447C0AA1F}.Debug|Any CPU.ActiveCfg = Debug|Any CPU
		{1A8D9758-DDE5-420F-8306-AF3447C0AA1F}.Debug|Any CPU.Build.0 = Debug|Any CPU
		{1A8D9758-DDE5-420F-8306-AF3447C0AA1F}.Release|Any CPU.ActiveCfg = Release|Any CPU
		{1A8D9758-DDE5-420F-8306-AF3447C0AA1F}.Release|Any CPU.Build.0 = Release|Any CPU
		{071DD8D6-EEAA-40C3-B1C6-196B313EFD7A}.Debug|Any CPU.ActiveCfg = Debug|Any CPU
		{071DD8D6-EEAA-40C3-B1C6-196B313EFD7A}.Debug|Any CPU.Build.0 = Debug|Any CPU
		{071DD8D6-EEAA-40C3-B1C6-196B313EFD7A}.Release|Any CPU.ActiveCfg = Release|Any CPU
		{071DD8D6-EEAA-40C3-B1C6-196B313EFD7A}.Release|Any CPU.Build.0 = Release|Any CPU
		{D2AEDE8F-2A9C-4054-82B5-970F75664EFC}.Debug|Any CPU.ActiveCfg = Debug|Any CPU
		{D2AEDE8F-2A9C-4054-82B5-970F75664EFC}.Debug|Any CPU.Build.0 = Debug|Any CPU
		{D2AEDE8F-2A9C-4054-82B5-970F75664EFC}.Release|Any CPU.ActiveCfg = Release|Any CPU
		{D2AEDE8F-2A9C-4054-82B5-970F75664EFC}.Release|Any CPU.Build.0 = Release|Any CPU
		{01442B91-F9E7-47F3-9288-FD7E2B39B375}.Debug|Any CPU.ActiveCfg = Debug|Any CPU
		{01442B91-F9E7-47F3-9288-FD7E2B39B375}.Debug|Any CPU.Build.0 = Debug|Any CPU
		{01442B91-F9E7-47F3-9288-FD7E2B39B375}.Release|Any CPU.ActiveCfg = Release|Any CPU
		{01442B91-F9E7-47F3-9288-FD7E2B39B375}.Release|Any CPU.Build.0 = Release|Any CPU
		{ABF7FF39-BF67-4A44-AF1D-C98674973A56}.Debug|Any CPU.ActiveCfg = Debug|Any CPU
		{ABF7FF39-BF67-4A44-AF1D-C98674973A56}.Debug|Any CPU.Build.0 = Debug|Any CPU
		{ABF7FF39-BF67-4A44-AF1D-C98674973A56}.Release|Any CPU.ActiveCfg = Release|Any CPU
		{ABF7FF39-BF67-4A44-AF1D-C98674973A56}.Release|Any CPU.Build.0 = Release|Any CPU
		{8215BEAA-61BF-4854-8497-10C6368CF3BD}.Debug|Any CPU.ActiveCfg = Debug|Any CPU
		{8215BEAA-61BF-4854-8497-10C6368CF3BD}.Debug|Any CPU.Build.0 = Debug|Any CPU
		{8215BEAA-61BF-4854-8497-10C6368CF3BD}.Release|Any CPU.ActiveCfg = Release|Any CPU
		{8215BEAA-61BF-4854-8497-10C6368CF3BD}.Release|Any CPU.Build.0 = Release|Any CPU
		{FD04752A-D1C0-41D8-9722-6967D067D09F}.Debug|Any CPU.ActiveCfg = Debug|Any CPU
		{FD04752A-D1C0-41D8-9722-6967D067D09F}.Debug|Any CPU.Build.0 = Debug|Any CPU
		{FD04752A-D1C0-41D8-9722-6967D067D09F}.Release|Any CPU.ActiveCfg = Release|Any CPU
		{FD04752A-D1C0-41D8-9722-6967D067D09F}.Release|Any CPU.Build.0 = Release|Any CPU
		{D6DCC199-0E69-4B17-B32A-AF6439EBE5AE}.Debug|Any CPU.ActiveCfg = Debug|Any CPU
		{D6DCC199-0E69-4B17-B32A-AF6439EBE5AE}.Debug|Any CPU.Build.0 = Debug|Any CPU
		{D6DCC199-0E69-4B17-B32A-AF6439EBE5AE}.Release|Any CPU.ActiveCfg = Release|Any CPU
		{D6DCC199-0E69-4B17-B32A-AF6439EBE5AE}.Release|Any CPU.Build.0 = Release|Any CPU
		{58E3AE17-EFF6-4D7E-A975-D9588257434A}.Debug|Any CPU.ActiveCfg = Debug|Any CPU
		{58E3AE17-EFF6-4D7E-A975-D9588257434A}.Debug|Any CPU.Build.0 = Debug|Any CPU
		{58E3AE17-EFF6-4D7E-A975-D9588257434A}.Release|Any CPU.ActiveCfg = Release|Any CPU
		{58E3AE17-EFF6-4D7E-A975-D9588257434A}.Release|Any CPU.Build.0 = Release|Any CPU
		{5ACD25FA-8E87-459A-B26A-86325E8C41B9}.Debug|Any CPU.ActiveCfg = Debug|Any CPU
		{5ACD25FA-8E87-459A-B26A-86325E8C41B9}.Debug|Any CPU.Build.0 = Debug|Any CPU
		{5ACD25FA-8E87-459A-B26A-86325E8C41B9}.Release|Any CPU.ActiveCfg = Release|Any CPU
		{5ACD25FA-8E87-459A-B26A-86325E8C41B9}.Release|Any CPU.Build.0 = Release|Any CPU
		{642CB187-8177-493F-811B-9E3489AB19A1}.Debug|Any CPU.ActiveCfg = Debug|Any CPU
		{642CB187-8177-493F-811B-9E3489AB19A1}.Debug|Any CPU.Build.0 = Debug|Any CPU
		{642CB187-8177-493F-811B-9E3489AB19A1}.Release|Any CPU.ActiveCfg = Release|Any CPU
		{642CB187-8177-493F-811B-9E3489AB19A1}.Release|Any CPU.Build.0 = Release|Any CPU
		{E68AA93C-1CC8-4608-9BDA-8D38AE46D559}.Debug|Any CPU.ActiveCfg = Debug|Any CPU
		{E68AA93C-1CC8-4608-9BDA-8D38AE46D559}.Debug|Any CPU.Build.0 = Debug|Any CPU
		{E68AA93C-1CC8-4608-9BDA-8D38AE46D559}.Release|Any CPU.ActiveCfg = Release|Any CPU
		{E68AA93C-1CC8-4608-9BDA-8D38AE46D559}.Release|Any CPU.Build.0 = Release|Any CPU
		{08656E2A-C2AA-4E6C-9D49-3349154795C5}.Debug|Any CPU.ActiveCfg = Debug|Any CPU
		{08656E2A-C2AA-4E6C-9D49-3349154795C5}.Debug|Any CPU.Build.0 = Debug|Any CPU
		{08656E2A-C2AA-4E6C-9D49-3349154795C5}.Release|Any CPU.ActiveCfg = Release|Any CPU
		{08656E2A-C2AA-4E6C-9D49-3349154795C5}.Release|Any CPU.Build.0 = Release|Any CPU
		{A31BCD20-44A9-4391-ABE4-FC4559271B0C}.Debug|Any CPU.ActiveCfg = Debug|Any CPU
		{A31BCD20-44A9-4391-ABE4-FC4559271B0C}.Debug|Any CPU.Build.0 = Debug|Any CPU
		{A31BCD20-44A9-4391-ABE4-FC4559271B0C}.Release|Any CPU.ActiveCfg = Release|Any CPU
		{A31BCD20-44A9-4391-ABE4-FC4559271B0C}.Release|Any CPU.Build.0 = Release|Any CPU
	EndGlobalSection
	GlobalSection(SolutionProperties) = preSolution
		HideSolutionNode = FALSE
	EndGlobalSection
	GlobalSection(NestedProjects) = preSolution
		{BD705C17-2E14-49FA-8EAC-472A569A583A} = {5E304A7C-4FA9-42DD-969B-E235BA1C4FC6}
		{0A766907-8ED0-4C15-AB6C-572C7A5ED4B4} = {5E304A7C-4FA9-42DD-969B-E235BA1C4FC6}
		{FA943ADD-A4C3-46BA-BE1D-D99EA481F443} = {5E304A7C-4FA9-42DD-969B-E235BA1C4FC6}
		{3C7C0B1E-7EF4-46A3-B314-5C99BE4BB044} = {5E304A7C-4FA9-42DD-969B-E235BA1C4FC6}
		{F471082C-6777-4492-A072-BC45264A551F} = {5E304A7C-4FA9-42DD-969B-E235BA1C4FC6}
		{1A8D9758-DDE5-420F-8306-AF3447C0AA1F} = {7045BB29-1310-407B-A3E4-26C246D48BF2}
		{071DD8D6-EEAA-40C3-B1C6-196B313EFD7A} = {7045BB29-1310-407B-A3E4-26C246D48BF2}
		{D2AEDE8F-2A9C-4054-82B5-970F75664EFC} = {7045BB29-1310-407B-A3E4-26C246D48BF2}
		{01442B91-F9E7-47F3-9288-FD7E2B39B375} = {7045BB29-1310-407B-A3E4-26C246D48BF2}
		{ABF7FF39-BF67-4A44-AF1D-C98674973A56} = {7045BB29-1310-407B-A3E4-26C246D48BF2}
		{8215BEAA-61BF-4854-8497-10C6368CF3BD} = {4137D8E2-FA02-45BC-95DF-007248062DF8}
		{FD04752A-D1C0-41D8-9722-6967D067D09F} = {4137D8E2-FA02-45BC-95DF-007248062DF8}
		{D6DCC199-0E69-4B17-B32A-AF6439EBE5AE} = {4137D8E2-FA02-45BC-95DF-007248062DF8}
		{58E3AE17-EFF6-4D7E-A975-D9588257434A} = {4137D8E2-FA02-45BC-95DF-007248062DF8}
		{5ACD25FA-8E87-459A-B26A-86325E8C41B9} = {2932A804-133D-4B0E-A8CC-798DFEE7A0BA}
		{642CB187-8177-493F-811B-9E3489AB19A1} = {2932A804-133D-4B0E-A8CC-798DFEE7A0BA}
		{E68AA93C-1CC8-4608-9BDA-8D38AE46D559} = {2932A804-133D-4B0E-A8CC-798DFEE7A0BA}
		{08656E2A-C2AA-4E6C-9D49-3349154795C5} = {2932A804-133D-4B0E-A8CC-798DFEE7A0BA}
		{A31BCD20-44A9-4391-ABE4-FC4559271B0C} = {F62B3F53-499C-48EE-8CA6-A77FF2461BC1}
	EndGlobalSection
	GlobalSection(ExtensibilityGlobals) = postSolution
		SolutionGuid = {4DAA721E-67E1-4489-8E06-A0E92BBD87DB}
	EndGlobalSection
EndGlobal
